
Microsoft Visual Studio Solution File, Format Version 12.00
# Visual Studio Version 16
VisualStudioVersion = 16.0.30204.135
MinimumVisualStudioVersion = 10.0.40219.1
Project("{FAE04EC0-301F-11D3-BF4B-00C04F79EFBC}") = "Miproyecto1", "Miproyecto1\Miproyecto1.csproj", "{FE7DC7E5-1069-4F81-9B09-F23C19BE6897}"
EndProject
Global
	GlobalSection(SolutionConfigurationPlatforms) = preSolution
		Debug|Any CPU = Debug|Any CPU
		Release|Any CPU = Release|Any CPU
	EndGlobalSection
	GlobalSection(ProjectConfigurationPlatforms) = postSolution
		{FE7DC7E5-1069-4F81-9B09-F23C19BE6897}.Debug|Any CPU.ActiveCfg = Debug|Any CPU
		{FE7DC7E5-1069-4F81-9B09-F23C19BE6897}.Debug|Any CPU.Build.0 = Debug|Any CPU
		{FE7DC7E5-1069-4F81-9B09-F23C19BE6897}.Release|Any CPU.ActiveCfg = Release|Any CPU
		{FE7DC7E5-1069-4F81-9B09-F23C19BE6897}.Release|Any CPU.Build.0 = Release|Any CPU
	EndGlobalSection
	GlobalSection(SolutionProperties) = preSolution
		HideSolutionNode = FALSE
	EndGlobalSection
	GlobalSection(ExtensibilityGlobals) = postSolution
		SolutionGuid = {A74A8070-F5D7-467B-ADEA-8EA86E08539B}
	EndGlobalSection
EndGlobal
